<Solution>
  <Project Path="ConferenSpace.API/ConferenSpace.API.csproj" />
  <Project Path="ConferenSpace.Application/ConferenSpace.Application.csproj" />
  <Project Path="ConferenSpace.Domain/ConferenSpace.Domain.csproj" />
  <Project Path="ConferenSpace.Infrastructure/ConferenSpace.Infrastructure.csproj" />
  <Project Path="ConferenSpace.UI/ConferenSpace.UI.csproj" Id="5bac0fb0-fd60-49c7-8718-7f5c78b08825" />
</Solution>
